
Microsoft Visual Studio Solution File, Format Version 12.00
# Visual Studio Version 16
VisualStudioVersion = 16.0.29926.136
MinimumVisualStudioVersion = 10.0.40219.1
Project("{FAE04EC0-301F-11D3-BF4B-00C04F79EFBC}") = "Tuan1_BT2", "Tuan1_BT2\Tuan1_BT2.csproj", "{6685D486-7EE0-4674-B5C0-00A76303B40E}"
EndProject
Global
	GlobalSection(SolutionConfigurationPlatforms) = preSolution
		Debug|Any CPU = Debug|Any CPU
		Release|Any CPU = Release|Any CPU
	EndGlobalSection
	GlobalSection(ProjectConfigurationPlatforms) = postSolution
		{6685D486-7EE0-4674-B5C0-00A76303B40E}.Debug|Any CPU.ActiveCfg = Debug|Any CPU
		{6685D486-7EE0-4674-B5C0-00A76303B40E}.Debug|Any CPU.Build.0 = Debug|Any CPU
		{6685D486-7EE0-4674-B5C0-00A76303B40E}.Release|Any CPU.ActiveCfg = Release|Any CPU
		{6685D486-7EE0-4674-B5C0-00A76303B40E}.Release|Any CPU.Build.0 = Release|Any CPU
	EndGlobalSection
	GlobalSection(SolutionProperties) = preSolution
		HideSolutionNode = FALSE
	EndGlobalSection
	GlobalSection(ExtensibilityGlobals) = postSolution
		SolutionGuid = {66A4FF9F-3A36-475B-B58C-9C28891E76E5}
	EndGlobalSection
EndGlobal
